// !$*UTF8*$!
{
	archiveVersion = 1;
	classes = {
	};
	objectVersion = 55;
	objects = {

/* Begin PBXBuildFile section */
		404CD9A228CB4B760069E411 /* AppDelegate.swift in Sources */ = {isa = PBXBuildFile; fileRef = 404CD9A128CB4B760069E411 /* AppDelegate.swift */; };
		404CD9A428CB4B760069E411 /* SceneDelegate.swift in Sources */ = {isa = PBXBuildFile; fileRef = 404CD9A328CB4B760069E411 /* SceneDelegate.swift */; };
		404CD9A628CB4B760069E411 /* ViewController.swift in Sources */ = {isa = PBXBuildFile; fileRef = 404CD9A528CB4B760069E411 /* ViewController.swift */; };
		404CD9A928CB4B760069E411 /* Main.storyboard in Resources */ = {isa = PBXBuildFile; fileRef = 404CD9A728CB4B760069E411 /* Main.storyboard */; };
		404CD9AB28CB4B760069E411 /* Assets.xcassets in Resources */ = {isa = PBXBuildFile; fileRef = 404CD9AA28CB4B760069E411 /* Assets.xcassets */; };
		404CD9AE28CB4B760069E411 /* LaunchScreen.storyboard in Resources */ = {isa = PBXBuildFile; fileRef = 404CD9AC28CB4B760069E411 /* LaunchScreen.storyboard */; };
		406A4B5C28CC56A9003097B5 /* E.wav in Resources */ = {isa = PBXBuildFile; fileRef = 406A4B5528CC56A9003097B5 /* E.wav */; };
		406A4B5D28CC56A9003097B5 /* F.wav in Resources */ = {isa = PBXBuildFile; fileRef = 406A4B5628CC56A9003097B5 /* F.wav */; };
		406A4B5E28CC56A9003097B5 /* C.wav in Resources */ = {isa = PBXBuildFile; fileRef = 406A4B5728CC56A9003097B5 /* C.wav */; };
		406A4B5F28CC56A9003097B5 /* D.wav in Resources */ = {isa = PBXBuildFile; fileRef = 406A4B5828CC56A9003097B5 /* D.wav */; };
		406A4B6028CC56A9003097B5 /* A.wav in Resources */ = {isa = PBXBuildFile; fileRef = 406A4B5928CC56A9003097B5 /* A.wav */; };
		406A4B6128CC56A9003097B5 /* B.wav in Resources */ = {isa = PBXBuildFile; fileRef = 406A4B5A28CC56A9003097B5 /* B.wav */; };
		406A4B6228CC56A9003097B5 /* G.wav in Resources */ = {isa = PBXBuildFile; fileRef = 406A4B5B28CC56A9003097B5 /* G.wav */; };
/* End PBXBuildFile section */

/* Begin PBXFileReference section */
		404CD99E28CB4B760069E411 /* Xylophone App.app */ = {isa = PBXFileReference; explicitFileType = wrapper.application; includeInIndex = 0; path = "Xylophone App.app"; sourceTree = BUILT_PRODUCTS_DIR; };
		404CD9A128CB4B760069E411 /* AppDelegate.swift */ = {isa = PBXFileReference; lastKnownFileType = sourcecode.swift; path = AppDelegate.swift; sourceTree = "<group>"; };
		404CD9A328CB4B760069E411 /* SceneDelegate.swift */ = {isa = PBXFileReference; lastKnownFileType = sourcecode.swift; path = SceneDelegate.swift; sourceTree = "<group>"; };
		404CD9A528CB4B760069E411 /* ViewController.swift */ = {isa = PBXFileReference; lastKnownFileType = sourcecode.swift; path = ViewController.swift; sourceTree = "<group>"; };
		404CD9A828CB4B760069E411 /* Base */ = {isa = PBXFileReference; lastKnownFileType = file.storyboard; name = Base; path = Base.lproj/Main.storyboard; sourceTree = "<group>"; };
		404CD9AA28CB4B760069E411 /* Assets.xcassets */ = {isa = PBXFileReference; lastKnownFileType = folder.assetcatalog; path = Assets.xcassets; sourceTree = "<group>"; };
		404CD9AD28CB4B760069E411 /* Base */ = {isa = PBXFileReference; lastKnownFileType = file.storyboard; name = Base; path = Base.lproj/LaunchScreen.storyboard; sourceTree = "<group>"; };
		404CD9AF28CB4B760069E411 /* Info.plist */ = {isa = PBXFileReference; lastKnownFileType = text.plist.xml; path = Info.plist; sourceTree = "<group>"; };
		406A4B5528CC56A9003097B5 /* E.wav */ = {isa = PBXFileReference; lastKnownFileType = audio.wav; path = E.wav; sourceTree = "<group>"; };
		406A4B5628CC56A9003097B5 /* F.wav */ = {isa = PBXFileReference; lastKnownFileType = audio.wav; path = F.wav; sourceTree = "<group>"; };
		406A4B5728CC56A9003097B5 /* C.wav */ = {isa = PBXFileReference; lastKnownFileType = audio.wav; path = C.wav; sourceTree = "<group>"; };
		406A4B5828CC56A9003097B5 /* D.wav */ = {isa = PBXFileReference; lastKnownFileType = audio.wav; path = D.wav; sourceTree = "<group>"; };
		406A4B5928CC56A9003097B5 /* A.wav */ = {isa = PBXFileReference; lastKnownFileType = audio.wav; path = A.wav; sourceTree = "<group>"; };
		406A4B5A28CC56A9003097B5 /* B.wav */ = {isa = PBXFileReference; lastKnownFileType = audio.wav; path = B.wav; sourceTree = "<group>"; };
		406A4B5B28CC56A9003097B5 /* G.wav */ = {isa = PBXFileReference; lastKnownFileType = audio.wav; path = G.wav; sourceTree = "<group>"; };
/* End PBXFileReference section */

/* Begin PBXFrameworksBuildPhase section */
		404CD99B28CB4B760069E411 /* Frameworks */ = {
			isa = PBXFrameworksBuildPhase;
			buildActionMask = 2147483647;
			files = (
			);
			runOnlyForDeploymentPostprocessing = 0;
		};
/* End PBXFrameworksBuildPhase section */

/* Begin PBXGroup section */
		404CD99528CB4B760069E411 = {
			isa = PBXGroup;
			children = (
				404CD9A028CB4B760069E411 /* Xylophone App */,
				404CD99F28CB4B760069E411 /* Products */,
			);
			sourceTree = "<group>";
		};
		404CD99F28CB4B760069E411 /* Products */ = {
			isa = PBXGroup;
			children = (
				404CD99E28CB4B760069E411 /* Xylophone App.app */,
			);
			name = Products;
			sourceTree = "<group>";
		};
		404CD9A028CB4B760069E411 /* Xylophone App */ = {
			isa = PBXGroup;
			children = (
				406A4B4E28CC5221003097B5 /* Resources */,
				406A4B4D28CC521A003097B5 /* Sources */,
			);
			path = "Xylophone App";
			sourceTree = "<group>";
		};
		406A4B4D28CC521A003097B5 /* Sources */ = {
			isa = PBXGroup;
			children = (
				406A4B5428CC569B003097B5 /* Sounds */,
				406A4B5028CC523A003097B5 /* Scenes */,
				406A4B4F28CC5232003097B5 /* App */,
			);
			path = Sources;
			sourceTree = "<group>";
		};
		406A4B4E28CC5221003097B5 /* Resources */ = {
			isa = PBXGroup;
			children = (
				404CD9AA28CB4B760069E411 /* Assets.xcassets */,
				404CD9AC28CB4B760069E411 /* LaunchScreen.storyboard */,
				404CD9AF28CB4B760069E411 /* Info.plist */,
			);
			path = Resources;
			sourceTree = "<group>";
		};
		406A4B4F28CC5232003097B5 /* App */ = {
			isa = PBXGroup;
			children = (
				404CD9A128CB4B760069E411 /* AppDelegate.swift */,
				404CD9A328CB4B760069E411 /* SceneDelegate.swift */,
			);
			path = App;
			sourceTree = "<group>";
		};
		406A4B5028CC523A003097B5 /* Scenes */ = {
			isa = PBXGroup;
			children = (
				406A4B5328CC5266003097B5 /* Extension */,
				406A4B5228CC5253003097B5 /* Controller */,
				406A4B5128CC5249003097B5 /* Storyboard */,
			);
			path = Scenes;
			sourceTree = "<group>";
		};
		406A4B5128CC5249003097B5 /* Storyboard */ = {
			isa = PBXGroup;
			children = (
				404CD9A728CB4B760069E411 /* Main.storyboard */,
			);
			path = Storyboard;
			sourceTree = "<group>";
		};
		406A4B5228CC5253003097B5 /* Controller */ = {
			isa = PBXGroup;
			children = (
				404CD9A528CB4B760069E411 /* ViewController.swift */,
			);
			path = Controller;
			sourceTree = "<group>";
		};
		406A4B5328CC5266003097B5 /* Extension */ = {
			isa = PBXGroup;
			children = (
			);
			path = Extension;
			sourceTree = "<group>";
		};
		406A4B5428CC569B003097B5 /* Sounds */ = {
			isa = PBXGroup;
			children = (
				406A4B5928CC56A9003097B5 /* A.wav */,
				406A4B5A28CC56A9003097B5 /* B.wav */,
				406A4B5728CC56A9003097B5 /* C.wav */,
				406A4B5828CC56A9003097B5 /* D.wav */,
				406A4B5528CC56A9003097B5 /* E.wav */,
				406A4B5628CC56A9003097B5 /* F.wav */,
				406A4B5B28CC56A9003097B5 /* G.wav */,
			);
			path = Sounds;
			sourceTree = "<group>";
		};
/* End PBXGroup section */

/* Begin PBXNativeTarget section */
		404CD99D28CB4B760069E411 /* Xylophone App */ = {
			isa = PBXNativeTarget;
			buildConfigurationList = 404CD9B228CB4B760069E411 /* Build configuration list for PBXNativeTarget "Xylophone App" */;
			buildPhases = (
				404CD99A28CB4B760069E411 /* Sources */,
				404CD99B28CB4B760069E411 /* Frameworks */,
				404CD99C28CB4B760069E411 /* Resources */,
			);
			buildRules = (
			);
			dependencies = (
			);
			name = "Xylophone App";
			productName = "Xylophone App";
			productReference = 404CD99E28CB4B760069E411 /* Xylophone App.app */;
			productType = "com.apple.product-type.application";
		};
/* End PBXNativeTarget section */

/* Begin PBXProject section */
		404CD99628CB4B760069E411 /* Project object */ = {
			isa = PBXProject;
			attributes = {
				BuildIndependentTargetsInParallel = 1;
				LastSwiftUpdateCheck = 1320;
				LastUpgradeCheck = 1320;
				TargetAttributes = {
					404CD99D28CB4B760069E411 = {
						CreatedOnToolsVersion = 13.2.1;
					};
				};
			};
			buildConfigurationList = 404CD99928CB4B760069E411 /* Build configuration list for PBXProject "Xylophone App" */;
			compatibilityVersion = "Xcode 13.0";
			developmentRegion = en;
			hasScannedForEncodings = 0;
			knownRegions = (
				en,
				Base,
			);
			mainGroup = 404CD99528CB4B760069E411;
			productRefGroup = 404CD99F28CB4B760069E411 /* Products */;
			projectDirPath = "";
			projectRoot = "";
			targets = (
				404CD99D28CB4B760069E411 /* Xylophone App */,
			);
		};
/* End PBXProject section */

/* Begin PBXResourcesBuildPhase section */
		404CD99C28CB4B760069E411 /* Resources */ = {
			isa = PBXResourcesBuildPhase;
			buildActionMask = 2147483647;
			files = (
				406A4B5E28CC56A9003097B5 /* C.wav in Resources */,
				404CD9AE28CB4B760069E411 /* LaunchScreen.storyboard in Resources */,
				406A4B6028CC56A9003097B5 /* A.wav in Resources */,
				406A4B5F28CC56A9003097B5 /* D.wav in Resources */,
				404CD9AB28CB4B760069E411 /* Assets.xcassets in Resources */,
				406A4B5C28CC56A9003097B5 /* E.wav in Resources */,
				406A4B6228CC56A9003097B5 /* G.wav in Resources */,
				406A4B6128CC56A9003097B5 /* B.wav in Resources */,
				406A4B5D28CC56A9003097B5 /* F.wav in Resources */,
				404CD9A928CB4B760069E411 /* Main.storyboard in Resources */,
			);
			runOnlyForDeploymentPostprocessing = 0;
		};
/* End PBXResourcesBuildPhase section */

/* Begin PBXSourcesBuildPhase section */
		404CD99A28CB4B760069E411 /* Sources */ = {
			isa = PBXSourcesBuildPhase;
			buildActionMask = 2147483647;
			files = (
				404CD9A628CB4B760069E411 /* ViewController.swift in Sources */,
				404CD9A228CB4B760069E411 /* AppDelegate.swift in Sources */,
				404CD9A428CB4B760069E411 /* SceneDelegate.swift in Sources */,
			);
			runOnlyForDeploymentPostprocessing = 0;
		};
/* End PBXSourcesBuildPhase section */

/* Begin PBXVariantGroup section */
		404CD9A728CB4B760069E411 /* Main.storyboard */ = {
			isa = PBXVariantGroup;
			children = (
				404CD9A828CB4B760069E411 /* Base */,
			);
			name = Main.storyboard;
			sourceTree = "<group>";
		};
		404CD9AC28CB4B760069E411 /* LaunchScreen.storyboard */ = {
			isa = PBXVariantGroup;
			children = (
				404CD9AD28CB4B760069E411 /* Base */,
			);
			name = LaunchScreen.storyboard;
			sourceTree = "<group>";
		};
/* End PBXVariantGroup section */

/* Begin XCBuildConfiguration section */
		404CD9B028CB4B760069E411 /* Debug */ = {
			isa = XCBuildConfiguration;
			buildSettings = {
				ALWAYS_SEARCH_USER_PATHS = NO;
				CLANG_ANALYZER_NONNULL = YES;
				CLANG_ANALYZER_NUMBER_OBJECT_CONVERSION = YES_AGGRESSIVE;
				CLANG_CXX_LANGUAGE_STANDARD = "gnu++17";
				CLANG_CXX_LIBRARY = "libc++";
				CLANG_ENABLE_MODULES = YES;
				CLANG_ENABLE_OBJC_ARC = YES;
				CLANG_ENABLE_OBJC_WEAK = YES;
				CLANG_WARN_BLOCK_CAPTURE_AUTORELEASING = YES;
				CLANG_WARN_BOOL_CONVERSION = YES;
				CLANG_WARN_COMMA = YES;
				CLANG_WARN_CONSTANT_CONVERSION = YES;
				CLANG_WARN_DEPRECATED_OBJC_IMPLEMENTATIONS = YES;
				CLANG_WARN_DIRECT_OBJC_ISA_USAGE = YES_ERROR;
				CLANG_WARN_DOCUMENTATION_COMMENTS = YES;
				CLANG_WARN_EMPTY_BODY = YES;
				CLANG_WARN_ENUM_CONVERSION = YES;
				CLANG_WARN_INFINITE_RECURSION = YES;
				CLANG_WARN_INT_CONVERSION = YES;
				CLANG_WARN_NON_LITERAL_NULL_CONVERSION = YES;
				CLANG_WARN_OBJC_IMPLICIT_RETAIN_SELF = YES;
				CLANG_WARN_OBJC_LITERAL_CONVERSION = YES;
				CLANG_WARN_OBJC_ROOT_CLASS = YES_ERROR;
				CLANG_WARN_QUOTED_INCLUDE_IN_FRAMEWORK_HEADER = YES;
				CLANG_WARN_RANGE_LOOP_ANALYSIS = YES;
				CLANG_WARN_STRICT_PROTOTYPES = YES;
				CLANG_WARN_SUSPICIOUS_MOVE = YES;
				CLANG_WARN_UNGUARDED_AVAILABILITY = YES_AGGRESSIVE;
				CLANG_WARN_UNREACHABLE_CODE = YES;
				CLANG_WARN__DUPLICATE_METHOD_MATCH = YES;
				COPY_PHASE_STRIP = NO;
				DEBUG_INFORMATION_FORMAT = dwarf;
				ENABLE_STRICT_OBJC_MSGSEND = YES;
				ENABLE_TESTABILITY = YES;
				GCC_C_LANGUAGE_STANDARD = gnu11;
				GCC_DYNAMIC_NO_PIC = NO;
				GCC_NO_COMMON_BLOCKS = YES;
				GCC_OPTIMIZATION_LEVEL = 0;
				GCC_PREPROCESSOR_DEFINITIONS = (
					"DEBUG=1",
					"$(inherited)",
				);
				GCC_WARN_64_TO_32_BIT_CONVERSION = YES;
				GCC_WARN_ABOUT_RETURN_TYPE = YES_ERROR;
				GCC_WARN_UNDECLARED_SELECTOR = YES;
				GCC_WARN_UNINITIALIZED_AUTOS = YES_AGGRESSIVE;
				GCC_WARN_UNUSED_FUNCTION = YES;
				GCC_WARN_UNUSED_VARIABLE = YES;
				IPHONEOS_DEPLOYMENT_TARGET = 15.2;
				MTL_ENABLE_DEBUG_INFO = INCLUDE_SOURCE;
				MTL_FAST_MATH = YES;
				ONLY_ACTIVE_ARCH = YES;
				SDKROOT = iphoneos;
				SWIFT_ACTIVE_COMPILATION_CONDITIONS = DEBUG;
				SWIFT_OPTIMIZATION_LEVEL = "-Onone";
			};
			name = Debug;
		};
		404CD9B128CB4B760069E411 /* Release */ = {
			isa = XCBuildConfiguration;
			buildSettings = {
				ALWAYS_SEARCH_USER_PATHS = NO;
				CLANG_ANALYZER_NONNULL = YES;
				CLANG_ANALYZER_NUMBER_OBJECT_CONVERSION = YES_AGGRESSIVE;
				CLANG_CXX_LANGUAGE_STANDARD = "gnu++17";
				CLANG_CXX_LIBRARY = "libc++";
				CLANG_ENABLE_MODULES = YES;
				CLANG_ENABLE_OBJC_ARC = YES;
				CLANG_ENABLE_OBJC_WEAK = YES;
				CLANG_WARN_BLOCK_CAPTURE_AUTORELEASING = YES;
				CLANG_WARN_BOOL_CONVERSION = YES;
				CLANG_WARN_COMMA = YES;
				CLANG_WARN_CONSTANT_CONVERSION = YES;
				CLANG_WARN_DEPRECATED_OBJC_IMPLEMENTATIONS = YES;
				CLANG_WARN_DIRECT_OBJC_ISA_USAGE = YES_ERROR;
				CLANG_WARN_DOCUMENTATION_COMMENTS = YES;
				CLANG_WARN_EMPTY_BODY = YES;
				CLANG_WARN_ENUM_CONVERSION = YES;
				CLANG_WARN_INFINITE_RECURSION = YES;
				CLANG_WARN_INT_CONVERSION = YES;
				CLANG_WARN_NON_LITERAL_NULL_CONVERSION = YES;
				CLANG_WARN_OBJC_IMPLICIT_RETAIN_SELF = YES;
				CLANG_WARN_OBJC_LITERAL_CONVERSION = YES;
				CLANG_WARN_OBJC_ROOT_CLASS = YES_ERROR;
				CLANG_WARN_QUOTED_INCLUDE_IN_FRAMEWORK_HEADER = YES;
				CLANG_WARN_RANGE_LOOP_ANALYSIS = YES;
				CLANG_WARN_STRICT_PROTOTYPES = YES;
				CLANG_WARN_SUSPICIOUS_MOVE = YES;
				CLANG_WARN_UNGUARDED_AVAILABILITY = YES_AGGRESSIVE;
				CLANG_WARN_UNREACHABLE_CODE = YES;
				CLANG_WARN__DUPLICATE_METHOD_MATCH = YES;
				COPY_PHASE_STRIP = NO;
				DEBUG_INFORMATION_FORMAT = "dwarf-with-dsym";
				ENABLE_NS_ASSERTIONS = NO;
				ENABLE_STRICT_OBJC_MSGSEND = YES;
				GCC_C_LANGUAGE_STANDARD = gnu11;
				GCC_NO_COMMON_BLOCKS = YES;
				GCC_WARN_64_TO_32_BIT_CONVERSION = YES;
				GCC_WARN_ABOUT_RETURN_TYPE = YES_ERROR;
				GCC_WARN_UNDECLARED_SELECTOR = YES;
				GCC_WARN_UNINITIALIZED_AUTOS = YES_AGGRESSIVE;
				GCC_WARN_UNUSED_FUNCTION = YES;
				GCC_WARN_UNUSED_VARIABLE = YES;
				IPHONEOS_DEPLOYMENT_TARGET = 15.2;
				MTL_ENABLE_DEBUG_INFO = NO;
				MTL_FAST_MATH = YES;
				SDKROOT = iphoneos;
				SWIFT_COMPILATION_MODE = wholemodule;
				SWIFT_OPTIMIZATION_LEVEL = "-O";
				VALIDATE_PRODUCT = YES;
			};
			name = Release;
		};
		404CD9B328CB4B760069E411 /* Debug */ = {
			isa = XCBuildConfiguration;
			buildSettings = {
				ASSETCATALOG_COMPILER_APPICON_NAME = AppIcon;
				ASSETCATALOG_COMPILER_GLOBAL_ACCENT_COLOR_NAME = AccentColor;
				CODE_SIGN_STYLE = Automatic;
				CURRENT_PROJECT_VERSION = 1;
				DEVELOPMENT_TEAM = 636TS9JX4X;
				GENERATE_INFOPLIST_FILE = YES;
				INFOPLIST_FILE = "Xylophone App/Resources/Info.plist";
				INFOPLIST_KEY_UIApplicationSupportsIndirectInputEvents = YES;
				INFOPLIST_KEY_UILaunchStoryboardName = LaunchScreen;
				INFOPLIST_KEY_UIMainStoryboardFile = Main;
				INFOPLIST_KEY_UISupportedInterfaceOrientations_iPad = "UIInterfaceOrientationPortrait UIInterfaceOrientationPortraitUpsideDown UIInterfaceOrientationLandscapeLeft UIInterfaceOrientationLandscapeRight";
				INFOPLIST_KEY_UISupportedInterfaceOrientations_iPhone = "UIInterfaceOrientationPortrait UIInterfaceOrientationLandscapeLeft UIInterfaceOrientationLandscapeRight";
				LD_RUNPATH_SEARCH_PATHS = (
					"$(inherited)",
					"@executable_path/Frameworks",
				);
				MARKETING_VERSION = 1.0;
				PRODUCT_BUNDLE_IDENTIFIER = "GP.Xylophone-App";
				PRODUCT_NAME = "$(TARGET_NAME)";
				SWIFT_EMIT_LOC_STRINGS = YES;
				SWIFT_VERSION = 5.0;
				TARGETED_DEVICE_FAMILY = "1,2";
			};
			name = Debug;
		};
		404CD9B428CB4B760069E411 /* Release */ = {
			isa = XCBuildConfiguration;
			buildSettings = {
				ASSETCATALOG_COMPILER_APPICON_NAME = AppIcon;
				ASSETCATALOG_COMPILER_GLOBAL_ACCENT_COLOR_NAME = AccentColor;
				CODE_SIGN_STYLE = Automatic;
				CURRENT_PROJECT_VERSION = 1;
				DEVELOPMENT_TEAM = 636TS9JX4X;
				GENERATE_INFOPLIST_FILE = YES;
				INFOPLIST_FILE = "Xylophone App/Resources/Info.plist";
				INFOPLIST_KEY_UIApplicationSupportsIndirectInputEvents = YES;
				INFOPLIST_KEY_UILaunchStoryboardName = LaunchScreen;
				INFOPLIST_KEY_UIMainStoryboardFile = Main;
				INFOPLIST_KEY_UISupportedInterfaceOrientations_iPad = "UIInterfaceOrientationPortrait UIInterfaceOrientationPortraitUpsideDown UIInterfaceOrientationLandscapeLeft UIInterfaceOrientationLandscapeRight";
				INFOPLIST_KEY_UISupportedInterfaceOrientations_iPhone = "UIInterfaceOrientationPortrait UIInterfaceOrientationLandscapeLeft UIInterfaceOrientationLandscapeRight";
				LD_RUNPATH_SEARCH_PATHS = (
					"$(inherited)",
					"@executable_path/Frameworks",
				);
				MARKETING_VERSION = 1.0;
				PRODUCT_BUNDLE_IDENTIFIER = "GP.Xylophone-App";
				PRODUCT_NAME = "$(TARGET_NAME)";
				SWIFT_EMIT_LOC_STRINGS = YES;
				SWIFT_VERSION = 5.0;
				TARGETED_DEVICE_FAMILY = "1,2";
			};
			name = Release;
		};
/* End XCBuildConfiguration section */

/* Begin XCConfigurationList section */
		404CD99928CB4B760069E411 /* Build configuration list for PBXProject "Xylophone App" */ = {
			isa = XCConfigurationList;
			buildConfigurations = (
				404CD9B028CB4B760069E411 /* Debug */,
				404CD9B128CB4B760069E411 /* Release */,
			);
			defaultConfigurationIsVisible = 0;
			defaultConfigurationName = Release;
		};
		404CD9B228CB4B760069E411 /* Build configuration list for PBXNativeTarget "Xylophone App" */ = {
			isa = XCConfigurationList;
			buildConfigurations = (
				404CD9B328CB4B760069E411 /* Debug */,
				404CD9B428CB4B760069E411 /* Release */,
			);
			defaultConfigurationIsVisible = 0;
			defaultConfigurationName = Release;
		};
/* End XCConfigurationList section */
	};
	rootObject = 404CD99628CB4B760069E411 /* Project object */;
}
